{"format_version":"1.0","terraform_version":"1.1.4","planned_values":{"root_module":{"resources":[{"address":"github_repository.terraform_plan_summary","mode":"managed","type":"github_repository","name":"terraform_plan_summary","provider_name":"registry.terraform.io/integrations/github","schema_version":0,"values":{"allow_auto_merge":false,"allow_merge_commit":true,"allow_rebase_merge":true,"allow_squash_merge":true,"archive_on_destroy":null,"archived":false,"auto_init":null,"delete_branch_on_merge":false,"description":"A command-line utility to print the summary of the terraform plan","gitignore_template":null,"has_downloads":true,"has_issues":true,"has_projects":true,"has_wiki":true,"homepage_url":null,"ignore_vulnerability_alerts_during_read":null,"is_template":null,"license_template":null,"name":"terraform-plan-summary","pages":[],"template":[],"topics":["summary","terraform"],"visibility":"public","vulnerability_alerts":false},"sensitive_values":{"branches":[],"pages":[],"template":[],"topics":[false,false]}}],"child_modules":[{"resources":[{"address":"module.github[\"demo-repository\"].github_branch.development","mode":"managed","type":"github_branch","name":"development","provider_name":"registry.terraform.io/hashicorp/github","schema_version":0,"values":{"branch":"development","repository":"demo-repository","source_branch":"main"},"sensitive_values":{}},{"address":"module.github[\"demo-repository\"].github_branch.main","mode":"managed","type":"github_branch","name":"main","provider_name":"registry.terraform.io/hashicorp/github","schema_version":0,"values":{"branch":"main","repository":"demo-repository","source_branch":"main"},"sensitive_values":{}},{"address":"module.github[\"demo-repository\"].github_repository.repository","mode":"managed","type":"github_repository","name":"repository","provider_name":"registry.terraform.io/hashicorp/github","schema_version":0,"values":{"allow_auto_merge":false,"allow_merge_commit":true,"allow_rebase_merge":true,"allow_squash_merge":true,"archive_on_destroy":null,"archived":false,"auto_init":null,"delete_branch_on_merge":false,"description":"description of the repo","gitignore_template":null,"has_downloads":true,"has_issues":true,"has_projects":true,"has_wiki":true,"homepage_url":null,"ignore_vulnerability_alerts_during_read":null,"is_template":null,"license_template":null,"name":"demo-repository","pages":[],"template":[],"topics":["tags"],"visibility":"public","vulnerability_alerts":false},"sensitive_values":{"branches":[],"pages":[],"template":[],"topics":[false]}}],"address":"module.github[\"demo-repository\"]"},{"resources":[{"address":"module.github[\"terraform-plan-summary\"].github_branch.demo","mode":"managed","type":"github_branch","name":"demo","provider_name":"registry.terraform.io/hashicorp/github","schema_version":0,"sensitive_values":false},{"address":"module.github[\"terraform-plan-summary\"].github_branch.development","mode":"managed","type":"github_branch","name":"development","provider_name":"registry.terraform.io/hashicorp/github","schema_version":0,"values":{"branch":"development","repository":"terraform-plan-summary","source_branch":"main"},"sensitive_values":{}},{"address":"module.github[\"terraform-plan-summary\"].github_branch.main","mode":"managed","type":"github_branch","name":"main","provider_name":"registry.terraform.io/hashicorp/github","schema_version":0,"values":{"branch":"main","repository":"terraform-plan-summary","source_branch":"main"},"sensitive_values":{}},{"address":"module.github[\"terraform-plan-summary\"].github_repository.repository","mode":"managed","type":"github_repository","name":"repository","provider_name":"registry.terraform.io/hashicorp/github","schema_version":0,"values":{"allow_auto_merge":false,"allow_merge_commit":true,"allow_rebase_merge":true,"allow_squash_merge":true,"archive_on_destroy":null,"archived":false,"auto_init":null,"delete_branch_on_merge":false,"description":"A command-line utility to print the summary of the terraform plan","gitignore_template":null,"has_downloads":true,"has_issues":true,"has_projects":true,"has_wiki":true,"homepage_url":null,"ignore_vulnerability_alerts_during_read":null,"is_template":null,"license_template":null,"name":"terraform-plan-summary","pages":[],"template":[],"topics":["summary","terraform"],"visibility":"public","vulnerability_alerts":false},"sensitive_values":{"branches":[],"pages":[],"template":[],"topics":[false,false]}}],"address":"module.github[\"terraform-plan-summary\"]"}]}},"resource_drift":[{"address":"module.github[\"terraform-plan-summary\"].github_branch.demo","module_address":"module.github[\"terraform-plan-summary\"]","mode":"managed","type":"github_branch","name":"demo","provider_name":"registry.terraform.io/hashicorp/github","change":{"actions":["delete"],"before":{"branch":"demo","etag":"W/\"2c138304ec0f031d3ffd19d45dae737be855a74a8d7e48f4fae4fc9213a6dbf6\"","id":"terraform-plan-summary:demo","ref":"refs/heads/demo","repository":"terraform-plan-summary","sha":"2e3d2c0b4513373c72b96b29592b62581e271af9","source_branch":"main","source_sha":null},"after":null,"after_unknown":{},"before_sensitive":{},"after_sensitive":false}},{"address":"module.github[\"terraform-plan-summary\"].github_branch.main","module_address":"module.github[\"terraform-plan-summary\"]","mode":"managed","type":"github_branch","name":"main","provider_name":"registry.terraform.io/hashicorp/github","change":{"actions":["delete"],"before":{"branch":"main","etag":"W/\"4d429c1f4818d4314dcd07dd1e034b2bab0014a46bf9088635e37fd6decc64b8\"","id":"terraform-plan-summary:main","ref":"refs/heads/main","repository":"terraform-plan-summary","sha":"ad0cb343cc26f08985e5517bd2da8f0483beaa4b","source_branch":"main","source_sha":null},"after":null,"after_unknown":{},"before_sensitive":{},"after_sensitive":false}},{"address":"module.github[\"terraform-plan-summary\"].github_repository.repository","module_address":"module.github[\"terraform-plan-summary\"]","mode":"managed","type":"github_repository","name":"repository","provider_name":"registry.terraform.io/hashicorp/github","change":{"actions":["delete"],"before":{"allow_auto_merge":false,"allow_merge_commit":true,"allow_rebase_merge":true,"allow_squash_merge":true,"archive_on_destroy":null,"archived":false,"auto_init":false,"branches":[{"name":"main","protected":false},{"name":"trail","protected":false}],"default_branch":"main","delete_branch_on_merge":false,"description":"A command-line utility to print the summary of the terraform plan","etag":"W/\"7536d6c2714d2e49890a3d1ebed0a31e89b6412f973e0d631089836e25229f29\"","full_name":"dineshba/terraform-plan-summary","git_clone_url":"git://github.com/dineshba/terraform-plan-summary.git","gitignore_template":null,"has_downloads":true,"has_issues":true,"has_projects":true,"has_wiki":true,"homepage_url":"","html_url":"https://github.com/dineshba/terraform-plan-summary","http_clone_url":"https://github.com/dineshba/terraform-plan-summary.git","id":"terraform-plan-summary","ignore_vulnerability_alerts_during_read":null,"is_template":false,"license_template":null,"name":"terraform-plan-summary","node_id":"R_kgDOGq54_w","pages":[],"private":false,"repo_id":447641855,"ssh_clone_url":"git@github.com:dineshba/terraform-plan-summary.git","svn_url":"https://github.com/dineshba/terraform-plan-summary","template":[],"topics":["summary","terraform"],"visibility":"public","vulnerability_alerts":true},"after":null,"after_unknown":{},"before_sensitive":{"branches":[{},{}],"pages":[],"template":[],"topics":[false,false]},"after_sensitive":false}}],"resource_changes":[{"address":"github_repository.terraform_plan_summary","mode":"managed","type":"github_repository","name":"terraform_plan_summary","provider_name":"registry.terraform.io/integrations/github","change":{"actions":["create"],"before":null,"after":{"allow_auto_merge":false,"allow_merge_commit":true,"allow_rebase_merge":true,"allow_squash_merge":true,"archive_on_destroy":null,"archived":false,"auto_init":null,"delete_branch_on_merge":false,"description":"A command-line utility to print the summary of the terraform plan","gitignore_template":null,"has_downloads":true,"has_issues":true,"has_projects":true,"has_wiki":true,"homepage_url":null,"ignore_vulnerability_alerts_during_read":null,"is_template":null,"license_template":null,"name":"terraform-plan-summary","pages":[],"template":[],"topics":["summary","terraform"],"visibility":"public","vulnerability_alerts":false},"after_unknown":{"branches":true,"default_branch":true,"etag":true,"full_name":true,"git_clone_url":true,"html_url":true,"http_clone_url":true,"id":true,"node_id":true,"pages":[],"private":true,"repo_id":true,"ssh_clone_url":true,"svn_url":true,"template":[],"topics":[false,false]},"before_sensitive":false,"after_sensitive":{"branches":[],"pages":[],"template":[],"topics":[false,false]}}},{"address":"module.github[\"demo-repository\"].github_branch.development","module_address":"module.github[\"demo-repository\"]","mode":"managed","type":"github_branch","name":"development","provider_name":"registry.terraform.io/hashicorp/github","change":{"actions":["create"],"before":null,"after":{"branch":"development","repository":"demo-repository","source_branch":"main"},"after_unknown":{"etag":true,"id":true,"ref":true,"sha":true,"source_sha":true},"before_sensitive":false,"after_sensitive":{}}},{"address":"module.github[\"demo-repository\"].github_branch.main","module_address":"module.github[\"demo-repository\"]","mode":"managed","type":"github_branch","name":"main","provider_name":"registry.terraform.io/hashicorp/github","change":{"actions":["create"],"before":null,"after":{"branch":"main","repository":"demo-repository","source_branch":"main"},"after_unknown":{"etag":true,"id":true,"ref":true,"sha":true,"source_sha":true},"before_sensitive":false,"after_sensitive":{}}},{"address":"module.github[\"demo-repository\"].github_repository.repository","module_address":"module.github[\"demo-repository\"]","mode":"managed","type":"github_repository","name":"repository","provider_name":"registry.terraform.io/hashicorp/github","change":{"actions":["create"],"before":null,"after":{"allow_auto_merge":false,"allow_merge_commit":true,"allow_rebase_merge":true,"allow_squash_merge":true,"archive_on_destroy":null,"archived":false,"auto_init":null,"delete_branch_on_merge":false,"description":"description of the repo","gitignore_template":null,"has_downloads":true,"has_issues":true,"has_projects":true,"has_wiki":true,"homepage_url":null,"ignore_vulnerability_alerts_during_read":null,"is_template":null,"license_template":null,"name":"demo-repository","pages":[],"template":[],"topics":["tags"],"visibility":"public","vulnerability_alerts":false},"after_unknown":{"branches":true,"default_branch":true,"etag":true,"full_name":true,"git_clone_url":true,"html_url":true,"http_clone_url":true,"id":true,"node_id":true,"pages":[],"private":true,"repo_id":true,"ssh_clone_url":true,"svn_url":true,"template":[],"topics":[false]},"before_sensitive":false,"after_sensitive":{"branches":[],"pages":[],"template":[],"topics":[false]}}},{"address":"module.github[\"terraform-plan-summary\"].github_branch.demo","module_address":"module.github[\"terraform-plan-summary\"]","mode":"managed","type":"github_branch","name":"demo","provider_name":"registry.terraform.io/hashicorp/github","change":{"actions":["no-op"],"before":null,"after":null,"after_unknown":{},"before_sensitive":false,"after_sensitive":false},"action_reason":"delete_because_no_resource_config"},{"address":"module.github[\"terraform-plan-summary\"].github_branch.development","module_address":"module.github[\"terraform-plan-summary\"]","mode":"managed","type":"github_branch","name":"development","provider_name":"registry.terraform.io/hashicorp/github","change":{"actions":["create"],"before":null,"after":{"branch":"development","repository":"terraform-plan-summary","source_branch":"main"},"after_unknown":{"etag":true,"id":true,"ref":true,"sha":true,"source_sha":true},"before_sensitive":false,"after_sensitive":{}}},{"address":"module.github[\"terraform-plan-summary\"].github_branch.main","module_address":"module.github[\"terraform-plan-summary\"]","mode":"managed","type":"github_branch","name":"main","provider_name":"registry.terraform.io/hashicorp/github","change":{"actions":["create"],"before":null,"after":{"branch":"main","repository":"terraform-plan-summary","source_branch":"main"},"after_unknown":{"etag":true,"id":true,"ref":true,"sha":true,"source_sha":true},"before_sensitive":false,"after_sensitive":{}}},{"address":"module.github[\"terraform-plan-summary\"].github_repository.repository","module_address":"module.github[\"terraform-plan-summary\"]","mode":"managed","type":"github_repository","name":"repository","provider_name":"registry.terraform.io/hashicorp/github","change":{"actions":["create"],"before":null,"after":{"allow_auto_merge":false,"allow_merge_commit":true,"allow_rebase_merge":true,"allow_squash_merge":true,"archive_on_destroy":null,"archived":false,"auto_init":null,"delete_branch_on_merge":false,"description":"A command-line utility to print the summary of the terraform plan","gitignore_template":null,"has_downloads":true,"has_issues":true,"has_projects":true,"has_wiki":true,"homepage_url":null,"ignore_vulnerability_alerts_during_read":null,"is_template":null,"license_template":null,"name":"terraform-plan-summary","pages":[],"template":[],"topics":["summary","terraform"],"visibility":"public","vulnerability_alerts":false},"after_unknown":{"branches":true,"default_branch":true,"etag":true,"full_name":true,"git_clone_url":true,"html_url":true,"http_clone_url":true,"id":true,"node_id":true,"pages":[],"private":true,"repo_id":true,"ssh_clone_url":true,"svn_url":true,"template":[],"topics":[false,false]},"before_sensitive":false,"after_sensitive":{"branches":[],"pages":[],"template":[],"topics":[false,false]}}}],"configuration":{"provider_config":{"github":{"name":"github","version_constraint":"4.23.0","expressions":{"owner":{"constant_value":"dineshba"}}}},"root_module":{"resources":[{"address":"github_repository.terraform_plan_summary","mode":"managed","type":"github_repository","name":"terraform_plan_summary","provider_config_key":"github","expressions":{"description":{"constant_value":"A command-line utility to print the summary of the terraform plan"},"has_downloads":{"constant_value":true},"has_issues":{"constant_value":true},"has_projects":{"constant_value":true},"has_wiki":{"constant_value":true},"name":{"constant_value":"terraform-plan-summary"},"topics":{"constant_value":["summary","terraform"]},"visibility":{"constant_value":"public"},"vulnerability_alerts":{"constant_value":false}},"schema_version":0}],"module_calls":{"github":{"source":"./github","expressions":{"description":{"references":["each.value.description","each.value"]},"name":{"references":["each.key"]},"topics":{"references":["each.value.topics","each.value"]}},"for_each_expression":{"references":["local.repos"]},"module":{"resources":[{"address":"github_branch.development","mode":"managed","type":"github_branch","name":"development","provider_config_key":"github:github","expressions":{"branch":{"constant_value":"development"},"repository":{"references":["github_repository.repository.name","github_repository.repository"]}},"schema_version":0},{"address":"github_branch.main","mode":"managed","type":"github_branch","name":"main","provider_config_key":"github:github","expressions":{"branch":{"constant_value":"main"},"repository":{"references":["github_repository.repository.name","github_repository.repository"]}},"schema_version":0},{"address":"github_repository.repository","mode":"managed","type":"github_repository","name":"repository","provider_config_key":"github:github","expressions":{"description":{"references":["var.description"]},"has_downloads":{"constant_value":true},"has_issues":{"constant_value":true},"has_projects":{"constant_value":true},"has_wiki":{"constant_value":true},"name":{"references":["var.name"]},"topics":{"references":["var.topics"]},"visibility":{"constant_value":"public"},"vulnerability_alerts":{"constant_value":false}},"schema_version":0}],"variables":{"description":{},"name":{},"topics":{}}}}}}}}
